// !$*UTF8*$!
{
	archiveVersion = 1;
	classes = {
	};
	objectVersion = 46;
	objects = {

/* Begin PBXBuildFile section */
		331259211C4DEB5600F14A50 /* SMTFooter.m in Sources */ = {isa = PBXBuildFile; fileRef = 331259201C4DEB5600F14A50 /* SMTFooter.m */; };
		331259241C4E0BBA00F14A50 /* SMTFocusViewController.m in Sources */ = {isa = PBXBuildFile; fileRef = 331259231C4E0BBA00F14A50 /* SMTFocusViewController.m */; };
		331259261C4E1CF600F14A50 /* rightHeaderList.plist in Resources */ = {isa = PBXBuildFile; fileRef = 331259251C4E1CF600F14A50 /* rightHeaderList.plist */; };
		331259291C4E265300F14A50 /* SMTShowViewController.m in Sources */ = {isa = PBXBuildFile; fileRef = 331259281C4E265300F14A50 /* SMTShowViewController.m */; };
		3312592E1C4E2DDC00F14A50 /* SMTWantViewController.m in Sources */ = {isa = PBXBuildFile; fileRef = 3312592D1C4E2DDC00F14A50 /* SMTWantViewController.m */; };
		331259311C4E2E7700F14A50 /* SMTHadWatchViewController.m in Sources */ = {isa = PBXBuildFile; fileRef = 331259301C4E2E7700F14A50 /* SMTHadWatchViewController.m */; };
		331259351C4E350800F14A50 /* SMTBaseRequest.m in Sources */ = {isa = PBXBuildFile; fileRef = 331259341C4E350800F14A50 /* SMTBaseRequest.m */; };
		331259391C4E359100F14A50 /* SMTBeOnShowRequest.m in Sources */ = {isa = PBXBuildFile; fileRef = 331259381C4E359100F14A50 /* SMTBeOnShowRequest.m */; };
		3312593D1C4E4F3000F14A50 /* SMTBeOnShowModel.m in Sources */ = {isa = PBXBuildFile; fileRef = 3312593C1C4E4F3000F14A50 /* SMTBeOnShowModel.m */; };
		331259411C4E4FCF00F14A50 /* SMTBeOnShowListModel.m in Sources */ = {isa = PBXBuildFile; fileRef = 331259401C4E4FCF00F14A50 /* SMTBeOnShowListModel.m */; };
		331259441C4E507700F14A50 /* SMTBeOnShowListMovieModel.m in Sources */ = {isa = PBXBuildFile; fileRef = 331259431C4E507700F14A50 /* SMTBeOnShowListMovieModel.m */; };
		331259471C4E5AEA00F14A50 /* SMTBeOnShowDataModel.m in Sources */ = {isa = PBXBuildFile; fileRef = 331259461C4E5AEA00F14A50 /* SMTBeOnShowDataModel.m */; };
		332347051C489DB100B05D2B /* SMTContainerViewController.m in Sources */ = {isa = PBXBuildFile; fileRef = 332347041C489DB100B05D2B /* SMTContainerViewController.m */; };
		332347081C48A20200B05D2B /* SMTMeViewController.m in Sources */ = {isa = PBXBuildFile; fileRef = 332347071C48A20200B05D2B /* SMTMeViewController.m */; };
		3323470B1C48A21D00B05D2B /* SMTFindViewController.m in Sources */ = {isa = PBXBuildFile; fileRef = 3323470A1C48A21D00B05D2B /* SMTFindViewController.m */; };
		3323470E1C4B416F00B05D2B /* SMTScrollView.m in Sources */ = {isa = PBXBuildFile; fileRef = 3323470D1C4B416F00B05D2B /* SMTScrollView.m */; };
		332347161C4B629400B05D2B /* RHCArrayDataSource.m in Sources */ = {isa = PBXBuildFile; fileRef = 332347151C4B629400B05D2B /* RHCArrayDataSource.m */; };
		332347231C4C8C6600B05D2B /* leftMenu.plist in Resources */ = {isa = PBXBuildFile; fileRef = 332347221C4C8C6600B05D2B /* leftMenu.plist */; };
		332347271C4C923400B05D2B /* rightMenu.plist in Resources */ = {isa = PBXBuildFile; fileRef = 332347261C4C923400B05D2B /* rightMenu.plist */; };
		3323472D1C4CC6A700B05D2B /* SMTImageLabelView.m in Sources */ = {isa = PBXBuildFile; fileRef = 3323472C1C4CC6A700B05D2B /* SMTImageLabelView.m */; };
		3348E6DF1C524B8E00B46A3D /* SMTCollectionRequest.m in Sources */ = {isa = PBXBuildFile; fileRef = 3348E6DE1C524B8E00B46A3D /* SMTCollectionRequest.m */; };
		3348E6E21C524C4D00B46A3D /* SMTCollectionCell.m in Sources */ = {isa = PBXBuildFile; fileRef = 3348E6E11C524C4D00B46A3D /* SMTCollectionCell.m */; };
		3348E6E51C524E5000B46A3D /* UIView+Size.m in Sources */ = {isa = PBXBuildFile; fileRef = 3348E6E41C524E5000B46A3D /* UIView+Size.m */; };
		3348E6E81C5318A200B46A3D /* SMTCollectionDataModel.m in Sources */ = {isa = PBXBuildFile; fileRef = 3348E6E71C5318A200B46A3D /* SMTCollectionDataModel.m */; };
		3348E6EB1C5318C200B46A3D /* SMTCollectionModel.m in Sources */ = {isa = PBXBuildFile; fileRef = 3348E6EA1C5318C200B46A3D /* SMTCollectionModel.m */; };
		3348E6EE1C5318D000B46A3D /* SMTCollectionListModel.m in Sources */ = {isa = PBXBuildFile; fileRef = 3348E6ED1C5318D000B46A3D /* SMTCollectionListModel.m */; };
		3348E6F21C53198500B46A3D /* SMTCollectionViewController.m in Sources */ = {isa = PBXBuildFile; fileRef = 3348E6F11C53198500B46A3D /* SMTCollectionViewController.m */; };
		3348E6F51C53329F00B46A3D /* SMTCollectionTypeRequest.m in Sources */ = {isa = PBXBuildFile; fileRef = 3348E6F41C53329F00B46A3D /* SMTCollectionTypeRequest.m */; };
		3348E6F81C53339400B46A3D /* SMTCollectionTypeDataModel.m in Sources */ = {isa = PBXBuildFile; fileRef = 3348E6F71C53339400B46A3D /* SMTCollectionTypeDataModel.m */; };
		3348E6FB1C5333B500B46A3D /* SMTCollectionTypeListModel.m in Sources */ = {isa = PBXBuildFile; fileRef = 3348E6FA1C5333B500B46A3D /* SMTCollectionTypeListModel.m */; };
		3348E6FE1C5341EB00B46A3D /* SMTCollectionTypeListItemModel.m in Sources */ = {isa = PBXBuildFile; fileRef = 3348E6FD1C5341EB00B46A3D /* SMTCollectionTypeListItemModel.m */; };
		3348E7011C53659200B46A3D /* SMTCollectionTypeModel.m in Sources */ = {isa = PBXBuildFile; fileRef = 3348E7001C53659200B46A3D /* SMTCollectionTypeModel.m */; };
		334E30F01C57762700D46105 /* SMTSalonRequest.m in Sources */ = {isa = PBXBuildFile; fileRef = 334E30EF1C57762700D46105 /* SMTSalonRequest.m */; };
		334E30F31C57772200D46105 /* SMTSalonDataModel.m in Sources */ = {isa = PBXBuildFile; fileRef = 334E30F21C57772200D46105 /* SMTSalonDataModel.m */; };
		334E30F61C57777600D46105 /* SMTSalonModel.m in Sources */ = {isa = PBXBuildFile; fileRef = 334E30F51C57777600D46105 /* SMTSalonModel.m */; };
		334E30F91C57778400D46105 /* SMTSalonListModel.m in Sources */ = {isa = PBXBuildFile; fileRef = 334E30F81C57778400D46105 /* SMTSalonListModel.m */; };
		334E30FD1C577C1400D46105 /* SMTSalonViewController.m in Sources */ = {isa = PBXBuildFile; fileRef = 334E30FC1C577C1400D46105 /* SMTSalonViewController.m */; };
		334E31001C577C3F00D46105 /* SMTHeaderView.m in Sources */ = {isa = PBXBuildFile; fileRef = 334E30FF1C577C3F00D46105 /* SMTHeaderView.m */; };
		334E31031C5790A300D46105 /* SMTSalonCell.m in Sources */ = {isa = PBXBuildFile; fileRef = 334E31021C5790A300D46105 /* SMTSalonCell.m */; };
		336F60A91C5604B9008C6419 /* UIPopoverListView.m in Sources */ = {isa = PBXBuildFile; fileRef = 336F60A81C5604B9008C6419 /* UIPopoverListView.m */; };
		336F60F61C563CBE008C6419 /* ShowLabelOnImageView.m in Sources */ = {isa = PBXBuildFile; fileRef = 336F60F51C563CBE008C6419 /* ShowLabelOnImageView.m */; };
		33A7A8541C4D005E003CD805 /* UIView+Additions.m in Sources */ = {isa = PBXBuildFile; fileRef = 33A7A8531C4D005E003CD805 /* UIView+Additions.m */; };
		33EB3EF51C4F7ECF00F93592 /* SMTBaseListViewController.m in Sources */ = {isa = PBXBuildFile; fileRef = 33EB3EF41C4F7ECF00F93592 /* SMTBaseListViewController.m */; };
		33EFB5621C4793B40033912B /* SMTListViewController.m in Sources */ = {isa = PBXBuildFile; fileRef = 33EFB5611C4793B40033912B /* SMTListViewController.m */; };
		33EFB5651C4793BD0033912B /* SMTMainViewController.m in Sources */ = {isa = PBXBuildFile; fileRef = 33EFB5641C4793BD0033912B /* SMTMainViewController.m */; };
		33EFB5681C4793DD0033912B /* SMTSettingViewController.m in Sources */ = {isa = PBXBuildFile; fileRef = 33EFB5671C4793DD0033912B /* SMTSettingViewController.m */; };
		33EFB56B1C4793E50033912B /* SMTSearchViewController.m in Sources */ = {isa = PBXBuildFile; fileRef = 33EFB56A1C4793E50033912B /* SMTSearchViewController.m */; };
		33EFB5701C479B0B0033912B /* SMTNavTitleView.m in Sources */ = {isa = PBXBuildFile; fileRef = 33EFB56F1C479B0B0033912B /* SMTNavTitleView.m */; };
		33F1BBF01C506BFC0069F4AA /* SMTShortMovieRequest.m in Sources */ = {isa = PBXBuildFile; fileRef = 33F1BBEF1C506BFC0069F4AA /* SMTShortMovieRequest.m */; };
		33F1BBF31C506CDB0069F4AA /* SMTShortMovieViewController.m in Sources */ = {isa = PBXBuildFile; fileRef = 33F1BBF21C506CDB0069F4AA /* SMTShortMovieViewController.m */; };
		33F1BBF71C506E290069F4AA /* SMTShortMovieDataModel.m in Sources */ = {isa = PBXBuildFile; fileRef = 33F1BBF61C506E290069F4AA /* SMTShortMovieDataModel.m */; };
		33F1BBFA1C506E840069F4AA /* SMTShortMovieModel.m in Sources */ = {isa = PBXBuildFile; fileRef = 33F1BBF91C506E840069F4AA /* SMTShortMovieModel.m */; };
		33F1BBFD1C506EC20069F4AA /* SMTShortMovieListModel.m in Sources */ = {isa = PBXBuildFile; fileRef = 33F1BBFC1C506EC20069F4AA /* SMTShortMovieListModel.m */; };
		33F1BC011C50702E0069F4AA /* SMTShortMovieCell.m in Sources */ = {isa = PBXBuildFile; fileRef = 33F1BC001C50702E0069F4AA /* SMTShortMovieCell.m */; };
		33F1BC431C508BC20069F4AA /* SMTMovieImageView.m in Sources */ = {isa = PBXBuildFile; fileRef = 33F1BC421C508BC20069F4AA /* SMTMovieImageView.m */; };
		33F1BC461C50C2A20069F4AA /* SMTBarView.m in Sources */ = {isa = PBXBuildFile; fileRef = 33F1BC451C50C2A20069F4AA /* SMTBarView.m */; };
		33F304DE1C448BAE0020838A /* main.m in Sources */ = {isa = PBXBuildFile; fileRef = 33F304DD1C448BAE0020838A /* main.m */; };
		33F304E11C448BAE0020838A /* AppDelegate.m in Sources */ = {isa = PBXBuildFile; fileRef = 33F304E01C448BAE0020838A /* AppDelegate.m */; };
		33F304E41C448BAE0020838A /* ViewController.m in Sources */ = {isa = PBXBuildFile; fileRef = 33F304E31C448BAE0020838A /* ViewController.m */; };
		33F304E71C448BAE0020838A /* Main.storyboard in Resources */ = {isa = PBXBuildFile; fileRef = 33F304E51C448BAE0020838A /* Main.storyboard */; };
		33F304E91C448BAE0020838A /* Assets.xcassets in Resources */ = {isa = PBXBuildFile; fileRef = 33F304E81C448BAE0020838A /* Assets.xcassets */; };
		33F304EC1C448BAE0020838A /* LaunchScreen.storyboard in Resources */ = {isa = PBXBuildFile; fileRef = 33F304EA1C448BAE0020838A /* LaunchScreen.storyboard */; };
		33F304F71C448BAE0020838A /* FanPianTests.m in Sources */ = {isa = PBXBuildFile; fileRef = 33F304F61C448BAE0020838A /* FanPianTests.m */; };
		33F305021C448BAE0020838A /* FanPianUITests.m in Sources */ = {isa = PBXBuildFile; fileRef = 33F305011C448BAE0020838A /* FanPianUITests.m */; };
		33F719E71C4F1F8C0038208E /* SMTBeOnShowCell.m in Sources */ = {isa = PBXBuildFile; fileRef = 33F719E61C4F1F8C0038208E /* SMTBeOnShowCell.m */; };
		33F8EBD71C586AC90015B6DC /* SMTSalonDetailViewController.m in Sources */ = {isa = PBXBuildFile; fileRef = 33F8EBD61C586AC90015B6DC /* SMTSalonDetailViewController.m */; };
		33F8EBDA1C586C520015B6DC /* SMTSalonDetailDataModel.m in Sources */ = {isa = PBXBuildFile; fileRef = 33F8EBD91C586C520015B6DC /* SMTSalonDetailDataModel.m */; };
		33F8EBDD1C586C670015B6DC /* SMTSalonDetailModel.m in Sources */ = {isa = PBXBuildFile; fileRef = 33F8EBDC1C586C670015B6DC /* SMTSalonDetailModel.m */; };
		33F8EBE31C586D940015B6DC /* SMTSalonDetailListModel.m in Sources */ = {isa = PBXBuildFile; fileRef = 33F8EBE21C586D940015B6DC /* SMTSalonDetailListModel.m */; };
		33F8EBE61C586EC50015B6DC /* SMTSalonDetailListMovieModel.m in Sources */ = {isa = PBXBuildFile; fileRef = 33F8EBE51C586EC50015B6DC /* SMTSalonDetailListMovieModel.m */; };
		33F8EBE91C586FEF0015B6DC /* SMTSalonDetailCell.m in Sources */ = {isa = PBXBuildFile; fileRef = 33F8EBE81C586FEF0015B6DC /* SMTSalonDetailCell.m */; };
		33F8EBEF1C5871660015B6DC /* SMTSalonDetailHeader.m in Sources */ = {isa = PBXBuildFile; fileRef = 33F8EBEE1C5871660015B6DC /* SMTSalonDetailHeader.m */; };
		E98474EED5FFA6410C22E543 /* libPods.a in Frameworks */ = {isa = PBXBuildFile; fileRef = DCBE9C299F4D3C983B7D4063 /* libPods.a */; };
/* End PBXBuildFile section */

/* Begin PBXContainerItemProxy section */
		33F304F31C448BAE0020838A /* PBXContainerItemProxy */ = {
			isa = PBXContainerItemProxy;
			containerPortal = 33F304D11C448BAE0020838A /* Project object */;
			proxyType = 1;
			remoteGlobalIDString = 33F304D81C448BAE0020838A;
			remoteInfo = FanPian;
		};
		33F304FE1C448BAE0020838A /* PBXContainerItemProxy */ = {
			isa = PBXContainerItemProxy;
			containerPortal = 33F304D11C448BAE0020838A /* Project object */;
			proxyType = 1;
			remoteGlobalIDString = 33F304D81C448BAE0020838A;
			remoteInfo = FanPian;
		};
/* End PBXContainerItemProxy section */

/* Begin PBXFileReference section */
		192E90DFC16EF2F416CDB37F /* Pods.release.xcconfig */ = {isa = PBXFileReference; includeInIndex = 1; lastKnownFileType = text.xcconfig; name = Pods.release.xcconfig; path = "../Pods/Target Support Files/Pods/Pods.release.xcconfig"; sourceTree = "<group>"; };
		3312591F1C4DEB5600F14A50 /* SMTFooter.h */ = {isa = PBXFileReference; fileEncoding = 4; lastKnownFileType = sourcecode.c.h; path = SMTFooter.h; sourceTree = "<group>"; };
		331259201C4DEB5600F14A50 /* SMTFooter.m */ = {isa = PBXFileReference; fileEncoding = 4; lastKnownFileType = sourcecode.c.objc; path = SMTFooter.m; sourceTree = "<group>"; };
		331259221C4E0BBA00F14A50 /* SMTFocusViewController.h */ = {isa = PBXFileReference; fileEncoding = 4; lastKnownFileType = sourcecode.c.h; path = SMTFocusViewController.h; sourceTree = "<group>"; };
		331259231C4E0BBA00F14A50 /* SMTFocusViewController.m */ = {isa = PBXFileReference; fileEncoding = 4; lastKnownFileType = sourcecode.c.objc; path = SMTFocusViewController.m; sourceTree = "<group>"; };
		331259251C4E1CF600F14A50 /* rightHeaderList.plist */ = {isa = PBXFileReference; fileEncoding = 4; lastKnownFileType = text.plist.xml; path = rightHeaderList.plist; sourceTree = "<group>"; };
		331259271C4E265300F14A50 /* SMTShowViewController.h */ = {isa = PBXFileReference; fileEncoding = 4; lastKnownFileType = sourcecode.c.h; path = SMTShowViewController.h; sourceTree = "<group>"; };
		331259281C4E265300F14A50 /* SMTShowViewController.m */ = {isa = PBXFileReference; fileEncoding = 4; lastKnownFileType = sourcecode.c.objc; path = SMTShowViewController.m; sourceTree = "<group>"; };
		3312592C1C4E2DDC00F14A50 /* SMTWantViewController.h */ = {isa = PBXFileReference; fileEncoding = 4; lastKnownFileType = sourcecode.c.h; path = SMTWantViewController.h; sourceTree = "<group>"; };
		3312592D1C4E2DDC00F14A50 /* SMTWantViewController.m */ = {isa = PBXFileReference; fileEncoding = 4; lastKnownFileType = sourcecode.c.objc; path = SMTWantViewController.m; sourceTree = "<group>"; };
		3312592F1C4E2E7700F14A50 /* SMTHadWatchViewController.h */ = {isa = PBXFileReference; fileEncoding = 4; lastKnownFileType = sourcecode.c.h; path = SMTHadWatchViewController.h; sourceTree = "<group>"; };
		331259301C4E2E7700F14A50 /* SMTHadWatchViewController.m */ = {isa = PBXFileReference; fileEncoding = 4; lastKnownFileType = sourcecode.c.objc; path = SMTHadWatchViewController.m; sourceTree = "<group>"; };
		331259321C4E34B700F14A50 /* ConstantUtil.h */ = {isa = PBXFileReference; lastKnownFileType = sourcecode.c.h; path = ConstantUtil.h; sourceTree = "<group>"; };
		331259331C4E350800F14A50 /* SMTBaseRequest.h */ = {isa = PBXFileReference; fileEncoding = 4; lastKnownFileType = sourcecode.c.h; path = SMTBaseRequest.h; sourceTree = "<group>"; };
		331259341C4E350800F14A50 /* SMTBaseRequest.m */ = {isa = PBXFileReference; fileEncoding = 4; lastKnownFileType = sourcecode.c.objc; path = SMTBaseRequest.m; sourceTree = "<group>"; };
		331259361C4E351E00F14A50 /* UrlUtil.h */ = {isa = PBXFileReference; lastKnownFileType = sourcecode.c.h; path = UrlUtil.h; sourceTree = "<group>"; };
		331259371C4E359100F14A50 /* SMTBeOnShowRequest.h */ = {isa = PBXFileReference; fileEncoding = 4; lastKnownFileType = sourcecode.c.h; path = SMTBeOnShowRequest.h; sourceTree = "<group>"; };
		331259381C4E359100F14A50 /* SMTBeOnShowRequest.m */ = {isa = PBXFileReference; fileEncoding = 4; lastKnownFileType = sourcecode.c.objc; path = SMTBeOnShowRequest.m; sourceTree = "<group>"; };
		3312593B1C4E4F3000F14A50 /* SMTBeOnShowModel.h */ = {isa = PBXFileReference; fileEncoding = 4; lastKnownFileType = sourcecode.c.h; path = SMTBeOnShowModel.h; sourceTree = "<group>"; };
		3312593C1C4E4F3000F14A50 /* SMTBeOnShowModel.m */ = {isa = PBXFileReference; fileEncoding = 4; lastKnownFileType = sourcecode.c.objc; path = SMTBeOnShowModel.m; sourceTree = "<group>"; };
		3312593F1C4E4FCF00F14A50 /* SMTBeOnShowListModel.h */ = {isa = PBXFileReference; fileEncoding = 4; lastKnownFileType = sourcecode.c.h; path = SMTBeOnShowListModel.h; sourceTree = "<group>"; };
		331259401C4E4FCF00F14A50 /* SMTBeOnShowListModel.m */ = {isa = PBXFileReference; fileEncoding = 4; lastKnownFileType = sourcecode.c.objc; path = SMTBeOnShowListModel.m; sourceTree = "<group>"; };
		331259421C4E507700F14A50 /* SMTBeOnShowListMovieModel.h */ = {isa = PBXFileReference; fileEncoding = 4; lastKnownFileType = sourcecode.c.h; path = SMTBeOnShowListMovieModel.h; sourceTree = "<group>"; };
		331259431C4E507700F14A50 /* SMTBeOnShowListMovieModel.m */ = {isa = PBXFileReference; fileEncoding = 4; lastKnownFileType = sourcecode.c.objc; path = SMTBeOnShowListMovieModel.m; sourceTree = "<group>"; };
		331259451C4E5AEA00F14A50 /* SMTBeOnShowDataModel.h */ = {isa = PBXFileReference; fileEncoding = 4; lastKnownFileType = sourcecode.c.h; path = SMTBeOnShowDataModel.h; sourceTree = "<group>"; };
		331259461C4E5AEA00F14A50 /* SMTBeOnShowDataModel.m */ = {isa = PBXFileReference; fileEncoding = 4; lastKnownFileType = sourcecode.c.objc; path = SMTBeOnShowDataModel.m; sourceTree = "<group>"; };
		332347031C489DB100B05D2B /* SMTContainerViewController.h */ = {isa = PBXFileReference; fileEncoding = 4; lastKnownFileType = sourcecode.c.h; path = SMTContainerViewController.h; sourceTree = "<group>"; };
		332347041C489DB100B05D2B /* SMTContainerViewController.m */ = {isa = PBXFileReference; fileEncoding = 4; lastKnownFileType = sourcecode.c.objc; path = SMTContainerViewController.m; sourceTree = "<group>"; };
		332347061C48A20200B05D2B /* SMTMeViewController.h */ = {isa = PBXFileReference; fileEncoding = 4; lastKnownFileType = sourcecode.c.h; path = SMTMeViewController.h; sourceTree = "<group>"; };
		332347071C48A20200B05D2B /* SMTMeViewController.m */ = {isa = PBXFileReference; fileEncoding = 4; lastKnownFileType = sourcecode.c.objc; path = SMTMeViewController.m; sourceTree = "<group>"; };
		332347091C48A21D00B05D2B /* SMTFindViewController.h */ = {isa = PBXFileReference; fileEncoding = 4; lastKnownFileType = sourcecode.c.h; path = SMTFindViewController.h; sourceTree = "<group>"; };
		3323470A1C48A21D00B05D2B /* SMTFindViewController.m */ = {isa = PBXFileReference; fileEncoding = 4; lastKnownFileType = sourcecode.c.objc; path = SMTFindViewController.m; sourceTree = "<group>"; };
		3323470C1C4B416F00B05D2B /* SMTScrollView.h */ = {isa = PBXFileReference; fileEncoding = 4; lastKnownFileType = sourcecode.c.h; path = SMTScrollView.h; sourceTree = "<group>"; };
		3323470D1C4B416F00B05D2B /* SMTScrollView.m */ = {isa = PBXFileReference; fileEncoding = 4; lastKnownFileType = sourcecode.c.objc; path = SMTScrollView.m; sourceTree = "<group>"; };
		332347141C4B629400B05D2B /* RHCArrayDataSource.h */ = {isa = PBXFileReference; fileEncoding = 4; lastKnownFileType = sourcecode.c.h; path = RHCArrayDataSource.h; sourceTree = "<group>"; };
		332347151C4B629400B05D2B /* RHCArrayDataSource.m */ = {isa = PBXFileReference; fileEncoding = 4; lastKnownFileType = sourcecode.c.objc; path = RHCArrayDataSource.m; sourceTree = "<group>"; };
		332347221C4C8C6600B05D2B /* leftMenu.plist */ = {isa = PBXFileReference; fileEncoding = 4; lastKnownFileType = text.plist.xml; path = leftMenu.plist; sourceTree = "<group>"; };
		332347261C4C923400B05D2B /* rightMenu.plist */ = {isa = PBXFileReference; fileEncoding = 4; lastKnownFileType = text.plist.xml; path = rightMenu.plist; sourceTree = "<group>"; };
		3323472B1C4CC6A700B05D2B /* SMTImageLabelView.h */ = {isa = PBXFileReference; fileEncoding = 4; lastKnownFileType = sourcecode.c.h; path = SMTImageLabelView.h; sourceTree = "<group>"; };
		3323472C1C4CC6A700B05D2B /* SMTImageLabelView.m */ = {isa = PBXFileReference; fileEncoding = 4; lastKnownFileType = sourcecode.c.objc; path = SMTImageLabelView.m; sourceTree = "<group>"; };
		3348E6DD1C524B8E00B46A3D /* SMTCollectionRequest.h */ = {isa = PBXFileReference; fileEncoding = 4; lastKnownFileType = sourcecode.c.h; path = SMTCollectionRequest.h; sourceTree = "<group>"; };
		3348E6DE1C524B8E00B46A3D /* SMTCollectionRequest.m */ = {isa = PBXFileReference; fileEncoding = 4; lastKnownFileType = sourcecode.c.objc; path = SMTCollectionRequest.m; sourceTree = "<group>"; };
		3348E6E01C524C4D00B46A3D /* SMTCollectionCell.h */ = {isa = PBXFileReference; fileEncoding = 4; lastKnownFileType = sourcecode.c.h; path = SMTCollectionCell.h; sourceTree = "<group>"; };
		3348E6E11C524C4D00B46A3D /* SMTCollectionCell.m */ = {isa = PBXFileReference; fileEncoding = 4; lastKnownFileType = sourcecode.c.objc; path = SMTCollectionCell.m; sourceTree = "<group>"; };
		3348E6E31C524E5000B46A3D /* UIView+Size.h */ = {isa = PBXFileReference; fileEncoding = 4; lastKnownFileType = sourcecode.c.h; path = "UIView+Size.h"; sourceTree = "<group>"; };
		3348E6E41C524E5000B46A3D /* UIView+Size.m */ = {isa = PBXFileReference; fileEncoding = 4; lastKnownFileType = sourcecode.c.objc; path = "UIView+Size.m"; sourceTree = "<group>"; };
		3348E6E61C5318A200B46A3D /* SMTCollectionDataModel.h */ = {isa = PBXFileReference; fileEncoding = 4; lastKnownFileType = sourcecode.c.h; path = SMTCollectionDataModel.h; sourceTree = "<group>"; };
		3348E6E71C5318A200B46A3D /* SMTCollectionDataModel.m */ = {isa = PBXFileReference; fileEncoding = 4; lastKnownFileType = sourcecode.c.objc; path = SMTCollectionDataModel.m; sourceTree = "<group>"; };
		3348E6E91C5318C200B46A3D /* SMTCollectionModel.h */ = {isa = PBXFileReference; fileEncoding = 4; lastKnownFileType = sourcecode.c.h; path = SMTCollectionModel.h; sourceTree = "<group>"; };
		3348E6EA1C5318C200B46A3D /* SMTCollectionModel.m */ = {isa = PBXFileReference; fileEncoding = 4; lastKnownFileType = sourcecode.c.objc; path = SMTCollectionModel.m; sourceTree = "<group>"; };
		3348E6EC1C5318D000B46A3D /* SMTCollectionListModel.h */ = {isa = PBXFileReference; fileEncoding = 4; lastKnownFileType = sourcecode.c.h; path = SMTCollectionListModel.h; sourceTree = "<group>"; };
		3348E6ED1C5318D000B46A3D /* SMTCollectionListModel.m */ = {isa = PBXFileReference; fileEncoding = 4; lastKnownFileType = sourcecode.c.objc; path = SMTCollectionListModel.m; sourceTree = "<group>"; };
		3348E6F01C53198500B46A3D /* SMTCollectionViewController.h */ = {isa = PBXFileReference; fileEncoding = 4; lastKnownFileType = sourcecode.c.h; path = SMTCollectionViewController.h; sourceTree = "<group>"; };
		3348E6F11C53198500B46A3D /* SMTCollectionViewController.m */ = {isa = PBXFileReference; fileEncoding = 4; lastKnownFileType = sourcecode.c.objc; path = SMTCollectionViewController.m; sourceTree = "<group>"; };
		3348E6F31C53329F00B46A3D /* SMTCollectionTypeRequest.h */ = {isa = PBXFileReference; fileEncoding = 4; lastKnownFileType = sourcecode.c.h; path = SMTCollectionTypeRequest.h; sourceTree = "<group>"; };
		3348E6F41C53329F00B46A3D /* SMTCollectionTypeRequest.m */ = {isa = PBXFileReference; fileEncoding = 4; lastKnownFileType = sourcecode.c.objc; path = SMTCollectionTypeRequest.m; sourceTree = "<group>"; };
		3348E6F61C53339400B46A3D /* SMTCollectionTypeDataModel.h */ = {isa = PBXFileReference; fileEncoding = 4; lastKnownFileType = sourcecode.c.h; path = SMTCollectionTypeDataModel.h; sourceTree = "<group>"; };
		3348E6F71C53339400B46A3D /* SMTCollectionTypeDataModel.m */ = {isa = PBXFileReference; fileEncoding = 4; lastKnownFileType = sourcecode.c.objc; path = SMTCollectionTypeDataModel.m; sourceTree = "<group>"; };
		3348E6F91C5333B500B46A3D /* SMTCollectionTypeListModel.h */ = {isa = PBXFileReference; fileEncoding = 4; lastKnownFileType = sourcecode.c.h; path = SMTCollectionTypeListModel.h; sourceTree = "<group>"; };
		3348E6FA1C5333B500B46A3D /* SMTCollectionTypeListModel.m */ = {isa = PBXFileReference; fileEncoding = 4; lastKnownFileType = sourcecode.c.objc; path = SMTCollectionTypeListModel.m; sourceTree = "<group>"; };
		3348E6FC1C5341EB00B46A3D /* SMTCollectionTypeListItemModel.h */ = {isa = PBXFileReference; fileEncoding = 4; lastKnownFileType = sourcecode.c.h; path = SMTCollectionTypeListItemModel.h; sourceTree = "<group>"; };
		3348E6FD1C5341EB00B46A3D /* SMTCollectionTypeListItemModel.m */ = {isa = PBXFileReference; fileEncoding = 4; lastKnownFileType = sourcecode.c.objc; path = SMTCollectionTypeListItemModel.m; sourceTree = "<group>"; };
		3348E6FF1C53659200B46A3D /* SMTCollectionTypeModel.h */ = {isa = PBXFileReference; fileEncoding = 4; lastKnownFileType = sourcecode.c.h; path = SMTCollectionTypeModel.h; sourceTree = "<group>"; };
		3348E7001C53659200B46A3D /* SMTCollectionTypeModel.m */ = {isa = PBXFileReference; fileEncoding = 4; lastKnownFileType = sourcecode.c.objc; path = SMTCollectionTypeModel.m; sourceTree = "<group>"; };
		334E30EE1C57762700D46105 /* SMTSalonRequest.h */ = {isa = PBXFileReference; fileEncoding = 4; lastKnownFileType = sourcecode.c.h; path = SMTSalonRequest.h; sourceTree = "<group>"; };
		334E30EF1C57762700D46105 /* SMTSalonRequest.m */ = {isa = PBXFileReference; fileEncoding = 4; lastKnownFileType = sourcecode.c.objc; path = SMTSalonRequest.m; sourceTree = "<group>"; };
		334E30F11C57772200D46105 /* SMTSalonDataModel.h */ = {isa = PBXFileReference; fileEncoding = 4; lastKnownFileType = sourcecode.c.h; path = SMTSalonDataModel.h; sourceTree = "<group>"; };
		334E30F21C57772200D46105 /* SMTSalonDataModel.m */ = {isa = PBXFileReference; fileEncoding = 4; lastKnownFileType = sourcecode.c.objc; path = SMTSalonDataModel.m; sourceTree = "<group>"; };
		334E30F41C57777600D46105 /* SMTSalonModel.h */ = {isa = PBXFileReference; fileEncoding = 4; lastKnownFileType = sourcecode.c.h; path = SMTSalonModel.h; sourceTree = "<group>"; };
		334E30F51C57777600D46105 /* SMTSalonModel.m */ = {isa = PBXFileReference; fileEncoding = 4; lastKnownFileType = sourcecode.c.objc; path = SMTSalonModel.m; sourceTree = "<group>"; };
		334E30F71C57778400D46105 /* SMTSalonListModel.h */ = {isa = PBXFileReference; fileEncoding = 4; lastKnownFileType = sourcecode.c.h; path = SMTSalonListModel.h; sourceTree = "<group>"; };
		334E30F81C57778400D46105 /* SMTSalonListModel.m */ = {isa = PBXFileReference; fileEncoding = 4; lastKnownFileType = sourcecode.c.objc; path = SMTSalonListModel.m; sourceTree = "<group>"; };
		334E30FB1C577C1400D46105 /* SMTSalonViewController.h */ = {isa = PBXFileReference; fileEncoding = 4; lastKnownFileType = sourcecode.c.h; path = SMTSalonViewController.h; sourceTree = "<group>"; };
		334E30FC1C577C1400D46105 /* SMTSalonViewController.m */ = {isa = PBXFileReference; fileEncoding = 4; lastKnownFileType = sourcecode.c.objc; path = SMTSalonViewController.m; sourceTree = "<group>"; };
		334E30FE1C577C3F00D46105 /* SMTHeaderView.h */ = {isa = PBXFileReference; fileEncoding = 4; lastKnownFileType = sourcecode.c.h; path = SMTHeaderView.h; sourceTree = "<group>"; };
		334E30FF1C577C3F00D46105 /* SMTHeaderView.m */ = {isa = PBXFileReference; fileEncoding = 4; lastKnownFileType = sourcecode.c.objc; path = SMTHeaderView.m; sourceTree = "<group>"; };
		334E31011C5790A300D46105 /* SMTSalonCell.h */ = {isa = PBXFileReference; fileEncoding = 4; lastKnownFileType = sourcecode.c.h; path = SMTSalonCell.h; sourceTree = "<group>"; };
		334E31021C5790A300D46105 /* SMTSalonCell.m */ = {isa = PBXFileReference; fileEncoding = 4; lastKnownFileType = sourcecode.c.objc; path = SMTSalonCell.m; sourceTree = "<group>"; };
		336F60A71C5604B9008C6419 /* UIPopoverListView.h */ = {isa = PBXFileReference; fileEncoding = 4; lastKnownFileType = sourcecode.c.h; path = UIPopoverListView.h; sourceTree = "<group>"; };
		336F60A81C5604B9008C6419 /* UIPopoverListView.m */ = {isa = PBXFileReference; fileEncoding = 4; lastKnownFileType = sourcecode.c.objc; path = UIPopoverListView.m; sourceTree = "<group>"; };
		336F60F41C563CBE008C6419 /* ShowLabelOnImageView.h */ = {isa = PBXFileReference; fileEncoding = 4; lastKnownFileType = sourcecode.c.h; path = ShowLabelOnImageView.h; sourceTree = "<group>"; };
		336F60F51C563CBE008C6419 /* ShowLabelOnImageView.m */ = {isa = PBXFileReference; fileEncoding = 4; lastKnownFileType = sourcecode.c.objc; path = ShowLabelOnImageView.m; sourceTree = "<group>"; };
		33A7A8521C4D005E003CD805 /* UIView+Additions.h */ = {isa = PBXFileReference; fileEncoding = 4; lastKnownFileType = sourcecode.c.h; path = "UIView+Additions.h"; sourceTree = "<group>"; };
		33A7A8531C4D005E003CD805 /* UIView+Additions.m */ = {isa = PBXFileReference; fileEncoding = 4; lastKnownFileType = sourcecode.c.objc; path = "UIView+Additions.m"; sourceTree = "<group>"; };
		33EB3EF31C4F7ECF00F93592 /* SMTBaseListViewController.h */ = {isa = PBXFileReference; fileEncoding = 4; lastKnownFileType = sourcecode.c.h; path = SMTBaseListViewController.h; sourceTree = "<group>"; };
		33EB3EF41C4F7ECF00F93592 /* SMTBaseListViewController.m */ = {isa = PBXFileReference; fileEncoding = 4; lastKnownFileType = sourcecode.c.objc; path = SMTBaseListViewController.m; sourceTree = "<group>"; };
		33EFB5601C4793B40033912B /* SMTListViewController.h */ = {isa = PBXFileReference; fileEncoding = 4; lastKnownFileType = sourcecode.c.h; path = SMTListViewController.h; sourceTree = "<group>"; };
		33EFB5611C4793B40033912B /* SMTListViewController.m */ = {isa = PBXFileReference; fileEncoding = 4; lastKnownFileType = sourcecode.c.objc; path = SMTListViewController.m; sourceTree = "<group>"; };
		33EFB5631C4793BD0033912B /* SMTMainViewController.h */ = {isa = PBXFileReference; fileEncoding = 4; lastKnownFileType = sourcecode.c.h; path = SMTMainViewController.h; sourceTree = "<group>"; };
		33EFB5641C4793BD0033912B /* SMTMainViewController.m */ = {isa = PBXFileReference; fileEncoding = 4; lastKnownFileType = sourcecode.c.objc; path = SMTMainViewController.m; sourceTree = "<group>"; };
		33EFB5661C4793DD0033912B /* SMTSettingViewController.h */ = {isa = PBXFileReference; fileEncoding = 4; lastKnownFileType = sourcecode.c.h; path = SMTSettingViewController.h; sourceTree = "<group>"; };
		33EFB5671C4793DD0033912B /* SMTSettingViewController.m */ = {isa = PBXFileReference; fileEncoding = 4; lastKnownFileType = sourcecode.c.objc; path = SMTSettingViewController.m; sourceTree = "<group>"; };
		33EFB5691C4793E50033912B /* SMTSearchViewController.h */ = {isa = PBXFileReference; fileEncoding = 4; lastKnownFileType = sourcecode.c.h; path = SMTSearchViewController.h; sourceTree = "<group>"; };
		33EFB56A1C4793E50033912B /* SMTSearchViewController.m */ = {isa = PBXFileReference; fileEncoding = 4; lastKnownFileType = sourcecode.c.objc; path = SMTSearchViewController.m; sourceTree = "<group>"; };
		33EFB56C1C4794680033912B /* CommonUtils.pch */ = {isa = PBXFileReference; lastKnownFileType = sourcecode.c.h; path = CommonUtils.pch; sourceTree = "<group>"; };
		33EFB56E1C479B0B0033912B /* SMTNavTitleView.h */ = {isa = PBXFileReference; fileEncoding = 4; lastKnownFileType = sourcecode.c.h; path = SMTNavTitleView.h; sourceTree = "<group>"; };
		33EFB56F1C479B0B0033912B /* SMTNavTitleView.m */ = {isa = PBXFileReference; fileEncoding = 4; lastKnownFileType = sourcecode.c.objc; path = SMTNavTitleView.m; sourceTree = "<group>"; };
		33F1BBEE1C506BFC0069F4AA /* SMTShortMovieRequest.h */ = {isa = PBXFileReference; fileEncoding = 4; lastKnownFileType = sourcecode.c.h; path = SMTShortMovieRequest.h; sourceTree = "<group>"; };
		33F1BBEF1C506BFC0069F4AA /* SMTShortMovieRequest.m */ = {isa = PBXFileReference; fileEncoding = 4; lastKnownFileType = sourcecode.c.objc; path = SMTShortMovieRequest.m; sourceTree = "<group>"; };
		33F1BBF11C506CDB0069F4AA /* SMTShortMovieViewController.h */ = {isa = PBXFileReference; fileEncoding = 4; lastKnownFileType = sourcecode.c.h; path = SMTShortMovieViewController.h; sourceTree = "<group>"; };
		33F1BBF21C506CDB0069F4AA /* SMTShortMovieViewController.m */ = {isa = PBXFileReference; fileEncoding = 4; lastKnownFileType = sourcecode.c.objc; path = SMTShortMovieViewController.m; sourceTree = "<group>"; };
		33F1BBF51C506E290069F4AA /* SMTShortMovieDataModel.h */ = {isa = PBXFileReference; fileEncoding = 4; lastKnownFileType = sourcecode.c.h; path = SMTShortMovieDataModel.h; sourceTree = "<group>"; };
		33F1BBF61C506E290069F4AA /* SMTShortMovieDataModel.m */ = {isa = PBXFileReference; fileEncoding = 4; lastKnownFileType = sourcecode.c.objc; path = SMTShortMovieDataModel.m; sourceTree = "<group>"; };
		33F1BBF81C506E840069F4AA /* SMTShortMovieModel.h */ = {isa = PBXFileReference; fileEncoding = 4; lastKnownFileType = sourcecode.c.h; path = SMTShortMovieModel.h; sourceTree = "<group>"; };
		33F1BBF91C506E840069F4AA /* SMTShortMovieModel.m */ = {isa = PBXFileReference; fileEncoding = 4; lastKnownFileType = sourcecode.c.objc; path = SMTShortMovieModel.m; sourceTree = "<group>"; };
		33F1BBFB1C506EC20069F4AA /* SMTShortMovieListModel.h */ = {isa = PBXFileReference; fileEncoding = 4; lastKnownFileType = sourcecode.c.h; path = SMTShortMovieListModel.h; sourceTree = "<group>"; };
		33F1BBFC1C506EC20069F4AA /* SMTShortMovieListModel.m */ = {isa = PBXFileReference; fileEncoding = 4; lastKnownFileType = sourcecode.c.objc; path = SMTShortMovieListModel.m; sourceTree = "<group>"; };
		33F1BBFF1C50702E0069F4AA /* SMTShortMovieCell.h */ = {isa = PBXFileReference; fileEncoding = 4; lastKnownFileType = sourcecode.c.h; path = SMTShortMovieCell.h; sourceTree = "<group>"; };
		33F1BC001C50702E0069F4AA /* SMTShortMovieCell.m */ = {isa = PBXFileReference; fileEncoding = 4; lastKnownFileType = sourcecode.c.objc; path = SMTShortMovieCell.m; sourceTree = "<group>"; };
		33F1BC411C508BC20069F4AA /* SMTMovieImageView.h */ = {isa = PBXFileReference; fileEncoding = 4; lastKnownFileType = sourcecode.c.h; path = SMTMovieImageView.h; sourceTree = "<group>"; };
		33F1BC421C508BC20069F4AA /* SMTMovieImageView.m */ = {isa = PBXFileReference; fileEncoding = 4; lastKnownFileType = sourcecode.c.objc; path = SMTMovieImageView.m; sourceTree = "<group>"; };
		33F1BC441C50C2A20069F4AA /* SMTBarView.h */ = {isa = PBXFileReference; fileEncoding = 4; lastKnownFileType = sourcecode.c.h; path = SMTBarView.h; sourceTree = "<group>"; };
		33F1BC451C50C2A20069F4AA /* SMTBarView.m */ = {isa = PBXFileReference; fileEncoding = 4; lastKnownFileType = sourcecode.c.objc; path = SMTBarView.m; sourceTree = "<group>"; };
		33F304D91C448BAE0020838A /* FanPian.app */ = {isa = PBXFileReference; explicitFileType = wrapper.application; includeInIndex = 0; path = FanPian.app; sourceTree = BUILT_PRODUCTS_DIR; };
		33F304DD1C448BAE0020838A /* main.m */ = {isa = PBXFileReference; lastKnownFileType = sourcecode.c.objc; path = main.m; sourceTree = "<group>"; };
		33F304DF1C448BAE0020838A /* AppDelegate.h */ = {isa = PBXFileReference; lastKnownFileType = sourcecode.c.h; path = AppDelegate.h; sourceTree = "<group>"; };
		33F304E01C448BAE0020838A /* AppDelegate.m */ = {isa = PBXFileReference; lastKnownFileType = sourcecode.c.objc; path = AppDelegate.m; sourceTree = "<group>"; };
		33F304E21C448BAE0020838A /* ViewController.h */ = {isa = PBXFileReference; lastKnownFileType = sourcecode.c.h; path = ViewController.h; sourceTree = "<group>"; };
		33F304E31C448BAE0020838A /* ViewController.m */ = {isa = PBXFileReference; lastKnownFileType = sourcecode.c.objc; path = ViewController.m; sourceTree = "<group>"; };
		33F304E61C448BAE0020838A /* Base */ = {isa = PBXFileReference; lastKnownFileType = file.storyboard; name = Base; path = Base.lproj/Main.storyboard; sourceTree = "<group>"; };
		33F304E81C448BAE0020838A /* Assets.xcassets */ = {isa = PBXFileReference; lastKnownFileType = folder.assetcatalog; path = Assets.xcassets; sourceTree = "<group>"; };
		33F304EB1C448BAE0020838A /* Base */ = {isa = PBXFileReference; lastKnownFileType = file.storyboard; name = Base; path = Base.lproj/LaunchScreen.storyboard; sourceTree = "<group>"; };
		33F304ED1C448BAE0020838A /* Info.plist */ = {isa = PBXFileReference; lastKnownFileType = text.plist.xml; path = Info.plist; sourceTree = "<group>"; };
		33F304F21C448BAE0020838A /* FanPianTests.xctest */ = {isa = PBXFileReference; explicitFileType = wrapper.cfbundle; includeInIndex = 0; path = FanPianTests.xctest; sourceTree = BUILT_PRODUCTS_DIR; };
		33F304F61C448BAE0020838A /* FanPianTests.m */ = {isa = PBXFileReference; lastKnownFileType = sourcecode.c.objc; path = FanPianTests.m; sourceTree = "<group>"; };
		33F304F81C448BAE0020838A /* Info.plist */ = {isa = PBXFileReference; lastKnownFileType = text.plist.xml; path = Info.plist; sourceTree = "<group>"; };
		33F304FD1C448BAE0020838A /* FanPianUITests.xctest */ = {isa = PBXFileReference; explicitFileType = wrapper.cfbundle; includeInIndex = 0; path = FanPianUITests.xctest; sourceTree = BUILT_PRODUCTS_DIR; };
		33F305011C448BAE0020838A /* FanPianUITests.m */ = {isa = PBXFileReference; lastKnownFileType = sourcecode.c.objc; path = FanPianUITests.m; sourceTree = "<group>"; };
		33F305031C448BAE0020838A /* Info.plist */ = {isa = PBXFileReference; lastKnownFileType = text.plist.xml; path = Info.plist; sourceTree = "<group>"; };
		33F719E51C4F1F8C0038208E /* SMTBeOnShowCell.h */ = {isa = PBXFileReference; fileEncoding = 4; lastKnownFileType = sourcecode.c.h; path = SMTBeOnShowCell.h; sourceTree = "<group>"; };
		33F719E61C4F1F8C0038208E /* SMTBeOnShowCell.m */ = {isa = PBXFileReference; fileEncoding = 4; lastKnownFileType = sourcecode.c.objc; path = SMTBeOnShowCell.m; sourceTree = "<group>"; };
		33F8EBD51C586AC90015B6DC /* SMTSalonDetailViewController.h */ = {isa = PBXFileReference; fileEncoding = 4; lastKnownFileType = sourcecode.c.h; path = SMTSalonDetailViewController.h; sourceTree = "<group>"; };
		33F8EBD61C586AC90015B6DC /* SMTSalonDetailViewController.m */ = {isa = PBXFileReference; fileEncoding = 4; lastKnownFileType = sourcecode.c.objc; path = SMTSalonDetailViewController.m; sourceTree = "<group>"; };
		33F8EBD81C586C520015B6DC /* SMTSalonDetailDataModel.h */ = {isa = PBXFileReference; fileEncoding = 4; lastKnownFileType = sourcecode.c.h; path = SMTSalonDetailDataModel.h; sourceTree = "<group>"; };
		33F8EBD91C586C520015B6DC /* SMTSalonDetailDataModel.m */ = {isa = PBXFileReference; fileEncoding = 4; lastKnownFileType = sourcecode.c.objc; path = SMTSalonDetailDataModel.m; sourceTree = "<group>"; };
		33F8EBDB1C586C670015B6DC /* SMTSalonDetailModel.h */ = {isa = PBXFileReference; fileEncoding = 4; lastKnownFileType = sourcecode.c.h; path = SMTSalonDetailModel.h; sourceTree = "<group>"; };
		33F8EBDC1C586C670015B6DC /* SMTSalonDetailModel.m */ = {isa = PBXFileReference; fileEncoding = 4; lastKnownFileType = sourcecode.c.objc; path = SMTSalonDetailModel.m; sourceTree = "<group>"; };
		33F8EBE11C586D940015B6DC /* SMTSalonDetailListModel.h */ = {isa = PBXFileReference; fileEncoding = 4; lastKnownFileType = sourcecode.c.h; path = SMTSalonDetailListModel.h; sourceTree = "<group>"; };
		33F8EBE21C586D940015B6DC /* SMTSalonDetailListModel.m */ = {isa = PBXFileReference; fileEncoding = 4; lastKnownFileType = sourcecode.c.objc; path = SMTSalonDetailListModel.m; sourceTree = "<group>"; };
		33F8EBE41C586EC50015B6DC /* SMTSalonDetailListMovieModel.h */ = {isa = PBXFileReference; fileEncoding = 4; lastKnownFileType = sourcecode.c.h; path = SMTSalonDetailListMovieModel.h; sourceTree = "<group>"; };
		33F8EBE51C586EC50015B6DC /* SMTSalonDetailListMovieModel.m */ = {isa = PBXFileReference; fileEncoding = 4; lastKnownFileType = sourcecode.c.objc; path = SMTSalonDetailListMovieModel.m; sourceTree = "<group>"; };
		33F8EBE71C586FEF0015B6DC /* SMTSalonDetailCell.h */ = {isa = PBXFileReference; fileEncoding = 4; lastKnownFileType = sourcecode.c.h; path = SMTSalonDetailCell.h; sourceTree = "<group>"; };
		33F8EBE81C586FEF0015B6DC /* SMTSalonDetailCell.m */ = {isa = PBXFileReference; fileEncoding = 4; lastKnownFileType = sourcecode.c.objc; path = SMTSalonDetailCell.m; sourceTree = "<group>"; };
		33F8EBED1C5871660015B6DC /* SMTSalonDetailHeader.h */ = {isa = PBXFileReference; fileEncoding = 4; lastKnownFileType = sourcecode.c.h; path = SMTSalonDetailHeader.h; sourceTree = "<group>"; };
		33F8EBEE1C5871660015B6DC /* SMTSalonDetailHeader.m */ = {isa = PBXFileReference; fileEncoding = 4; lastKnownFileType = sourcecode.c.objc; path = SMTSalonDetailHeader.m; sourceTree = "<group>"; };
		874545404FF4C356CEAFCE7A /* Pods.debug.xcconfig */ = {isa = PBXFileReference; includeInIndex = 1; lastKnownFileType = text.xcconfig; name = Pods.debug.xcconfig; path = "../Pods/Target Support Files/Pods/Pods.debug.xcconfig"; sourceTree = "<group>"; };
		DCBE9C299F4D3C983B7D4063 /* libPods.a */ = {isa = PBXFileReference; explicitFileType = archive.ar; includeInIndex = 0; path = libPods.a; sourceTree = BUILT_PRODUCTS_DIR; };
/* End PBXFileReference section */

/* Begin PBXFrameworksBuildPhase section */
		33F304D61C448BAE0020838A /* Frameworks */ = {
			isa = PBXFrameworksBuildPhase;
			buildActionMask = 2147483647;
			files = (
				E98474EED5FFA6410C22E543 /* libPods.a in Frameworks */,
			);
			runOnlyForDeploymentPostprocessing = 0;
		};
		33F304EF1C448BAE0020838A /* Frameworks */ = {
			isa = PBXFrameworksBuildPhase;
			buildActionMask = 2147483647;
			files = (
			);
			runOnlyForDeploymentPostprocessing = 0;
		};
		33F304FA1C448BAE0020838A /* Frameworks */ = {
			isa = PBXFrameworksBuildPhase;
			buildActionMask = 2147483647;
			files = (
			);
			runOnlyForDeploymentPostprocessing = 0;
		};
/* End PBXFrameworksBuildPhase section */

/* Begin PBXGroup section */
		02BBE97887D8DD6674D1F744 /* Pods */ = {
			isa = PBXGroup;
			children = (
				874545404FF4C356CEAFCE7A /* Pods.debug.xcconfig */,
				192E90DFC16EF2F416CDB37F /* Pods.release.xcconfig */,
			);
			name = Pods;
			sourceTree = "<group>";
		};
		3312592A1C4E266600F14A50 /* find */ = {
			isa = PBXGroup;
			children = (
				332347091C48A21D00B05D2B /* SMTFindViewController.h */,
				3323470A1C48A21D00B05D2B /* SMTFindViewController.m */,
				331259271C4E265300F14A50 /* SMTShowViewController.h */,
				331259281C4E265300F14A50 /* SMTShowViewController.m */,
				33F1BBF11C506CDB0069F4AA /* SMTShortMovieViewController.h */,
				33F1BBF21C506CDB0069F4AA /* SMTShortMovieViewController.m */,
				3348E6F01C53198500B46A3D /* SMTCollectionViewController.h */,
				3348E6F11C53198500B46A3D /* SMTCollectionViewController.m */,
				334E30FB1C577C1400D46105 /* SMTSalonViewController.h */,
				334E30FC1C577C1400D46105 /* SMTSalonViewController.m */,
				33F8EBD51C586AC90015B6DC /* SMTSalonDetailViewController.h */,
				33F8EBD61C586AC90015B6DC /* SMTSalonDetailViewController.m */,
			);
			name = find;
			sourceTree = "<group>";
		};
		3312592B1C4E2D5100F14A50 /* me */ = {
			isa = PBXGroup;
			children = (
				332347061C48A20200B05D2B /* SMTMeViewController.h */,
				332347071C48A20200B05D2B /* SMTMeViewController.m */,
				3312592C1C4E2DDC00F14A50 /* SMTWantViewController.h */,
				3312592D1C4E2DDC00F14A50 /* SMTWantViewController.m */,
				3312592F1C4E2E7700F14A50 /* SMTHadWatchViewController.h */,
				331259301C4E2E7700F14A50 /* SMTHadWatchViewController.m */,
			);
			name = me;
			sourceTree = "<group>";
		};
		3312593A1C4E4F1400F14A50 /* Request */ = {
			isa = PBXGroup;
			children = (
				331259331C4E350800F14A50 /* SMTBaseRequest.h */,
				331259341C4E350800F14A50 /* SMTBaseRequest.m */,
				331259371C4E359100F14A50 /* SMTBeOnShowRequest.h */,
				331259381C4E359100F14A50 /* SMTBeOnShowRequest.m */,
				33F1BBEE1C506BFC0069F4AA /* SMTShortMovieRequest.h */,
				33F1BBEF1C506BFC0069F4AA /* SMTShortMovieRequest.m */,
				3348E6DD1C524B8E00B46A3D /* SMTCollectionRequest.h */,
				3348E6DE1C524B8E00B46A3D /* SMTCollectionRequest.m */,
				3348E6F31C53329F00B46A3D /* SMTCollectionTypeRequest.h */,
				3348E6F41C53329F00B46A3D /* SMTCollectionTypeRequest.m */,
				334E30EE1C57762700D46105 /* SMTSalonRequest.h */,
				334E30EF1C57762700D46105 /* SMTSalonRequest.m */,
			);
			name = Request;
			sourceTree = "<group>";
		};
		3312593E1C4E4F3400F14A50 /* Model */ = {
			isa = PBXGroup;
			children = (
				33F1BBF41C506DCA0069F4AA /* beOnShow */,
				33F1BBFE1C506FBA0069F4AA /* shortMovie */,
				3348E6EF1C53195800B46A3D /* collection */,
				334E30FA1C5779B800D46105 /* salon */,
			);
			name = Model;
			sourceTree = "<group>";
		};
		3323470F1C4B5D6D00B05D2B /* MenuVC */ = {
			isa = PBXGroup;
			children = (
				33EFB5661C4793DD0033912B /* SMTSettingViewController.h */,
				33EFB5671C4793DD0033912B /* SMTSettingViewController.m */,
				33EFB5691C4793E50033912B /* SMTSearchViewController.h */,
				33EFB56A1C4793E50033912B /* SMTSearchViewController.m */,
			);
			name = MenuVC;
			sourceTree = "<group>";
		};
		332347101C4B5D7F00B05D2B /* MainPage */ = {
			isa = PBXGroup;
			children = (
				332347031C489DB100B05D2B /* SMTContainerViewController.h */,
				332347041C489DB100B05D2B /* SMTContainerViewController.m */,
				33EFB5631C4793BD0033912B /* SMTMainViewController.h */,
				33EFB5641C4793BD0033912B /* SMTMainViewController.m */,
				3312592B1C4E2D5100F14A50 /* me */,
				3312592A1C4E266600F14A50 /* find */,
				33EFB5601C4793B40033912B /* SMTListViewController.h */,
				33EFB5611C4793B40033912B /* SMTListViewController.m */,
				331259221C4E0BBA00F14A50 /* SMTFocusViewController.h */,
				331259231C4E0BBA00F14A50 /* SMTFocusViewController.m */,
			);
			name = MainPage;
			sourceTree = "<group>";
		};
		3348E6EF1C53195800B46A3D /* collection */ = {
			isa = PBXGroup;
			children = (
				3348E6E61C5318A200B46A3D /* SMTCollectionDataModel.h */,
				3348E6E71C5318A200B46A3D /* SMTCollectionDataModel.m */,
				3348E6E91C5318C200B46A3D /* SMTCollectionModel.h */,
				3348E6EA1C5318C200B46A3D /* SMTCollectionModel.m */,
				3348E6EC1C5318D000B46A3D /* SMTCollectionListModel.h */,
				3348E6ED1C5318D000B46A3D /* SMTCollectionListModel.m */,
				3348E6F61C53339400B46A3D /* SMTCollectionTypeDataModel.h */,
				3348E6F71C53339400B46A3D /* SMTCollectionTypeDataModel.m */,
				3348E6FF1C53659200B46A3D /* SMTCollectionTypeModel.h */,
				3348E7001C53659200B46A3D /* SMTCollectionTypeModel.m */,
				3348E6F91C5333B500B46A3D /* SMTCollectionTypeListModel.h */,
				3348E6FA1C5333B500B46A3D /* SMTCollectionTypeListModel.m */,
				3348E6FC1C5341EB00B46A3D /* SMTCollectionTypeListItemModel.h */,
				3348E6FD1C5341EB00B46A3D /* SMTCollectionTypeListItemModel.m */,
			);
			name = collection;
			sourceTree = "<group>";
		};
		334E30FA1C5779B800D46105 /* salon */ = {
			isa = PBXGroup;
			children = (
				334E30F11C57772200D46105 /* SMTSalonDataModel.h */,
				334E30F21C57772200D46105 /* SMTSalonDataModel.m */,
				334E30F41C57777600D46105 /* SMTSalonModel.h */,
				334E30F51C57777600D46105 /* SMTSalonModel.m */,
				334E30F71C57778400D46105 /* SMTSalonListModel.h */,
				334E30F81C57778400D46105 /* SMTSalonListModel.m */,
				33F8EBD81C586C520015B6DC /* SMTSalonDetailDataModel.h */,
				33F8EBD91C586C520015B6DC /* SMTSalonDetailDataModel.m */,
				33F8EBDB1C586C670015B6DC /* SMTSalonDetailModel.h */,
				33F8EBDC1C586C670015B6DC /* SMTSalonDetailModel.m */,
				33F8EBE11C586D940015B6DC /* SMTSalonDetailListModel.h */,
				33F8EBE21C586D940015B6DC /* SMTSalonDetailListModel.m */,
				33F8EBE41C586EC50015B6DC /* SMTSalonDetailListMovieModel.h */,
				33F8EBE51C586EC50015B6DC /* SMTSalonDetailListMovieModel.m */,
			);
			name = salon;
			sourceTree = "<group>";
		};
		33EFB55F1C47935F0033912B /* VC */ = {
			isa = PBXGroup;
			children = (
				332347101C4B5D7F00B05D2B /* MainPage */,
				3323470F1C4B5D6D00B05D2B /* MenuVC */,
				33EB3EF31C4F7ECF00F93592 /* SMTBaseListViewController.h */,
				33EB3EF41C4F7ECF00F93592 /* SMTBaseListViewController.m */,
			);
			name = VC;
			sourceTree = "<group>";
		};
		33EFB56D1C479AF20033912B /* View */ = {
			isa = PBXGroup;
			children = (
				334E30FE1C577C3F00D46105 /* SMTHeaderView.h */,
				334E30FF1C577C3F00D46105 /* SMTHeaderView.m */,
				336F60A71C5604B9008C6419 /* UIPopoverListView.h */,
				336F60A81C5604B9008C6419 /* UIPopoverListView.m */,
				336F60F41C563CBE008C6419 /* ShowLabelOnImageView.h */,
				336F60F51C563CBE008C6419 /* ShowLabelOnImageView.m */,
				33A7A8521C4D005E003CD805 /* UIView+Additions.h */,
				33A7A8531C4D005E003CD805 /* UIView+Additions.m */,
				332347141C4B629400B05D2B /* RHCArrayDataSource.h */,
				332347151C4B629400B05D2B /* RHCArrayDataSource.m */,
				33EFB56E1C479B0B0033912B /* SMTNavTitleView.h */,
				33EFB56F1C479B0B0033912B /* SMTNavTitleView.m */,
				3323470C1C4B416F00B05D2B /* SMTScrollView.h */,
				3323470D1C4B416F00B05D2B /* SMTScrollView.m */,
				3323472B1C4CC6A700B05D2B /* SMTImageLabelView.h */,
				3323472C1C4CC6A700B05D2B /* SMTImageLabelView.m */,
				3312591F1C4DEB5600F14A50 /* SMTFooter.h */,
				331259201C4DEB5600F14A50 /* SMTFooter.m */,
				33F719E81C4F1F900038208E /* cell */,
				33F1BC411C508BC20069F4AA /* SMTMovieImageView.h */,
				33F1BC421C508BC20069F4AA /* SMTMovieImageView.m */,
				33F1BC441C50C2A20069F4AA /* SMTBarView.h */,
				33F1BC451C50C2A20069F4AA /* SMTBarView.m */,
				3348E6E31C524E5000B46A3D /* UIView+Size.h */,
				3348E6E41C524E5000B46A3D /* UIView+Size.m */,
				33F8EBED1C5871660015B6DC /* SMTSalonDetailHeader.h */,
				33F8EBEE1C5871660015B6DC /* SMTSalonDetailHeader.m */,
			);
			name = View;
			sourceTree = "<group>";
		};
		33F1BBF41C506DCA0069F4AA /* beOnShow */ = {
			isa = PBXGroup;
			children = (
				331259451C4E5AEA00F14A50 /* SMTBeOnShowDataModel.h */,
				331259461C4E5AEA00F14A50 /* SMTBeOnShowDataModel.m */,
				3312593B1C4E4F3000F14A50 /* SMTBeOnShowModel.h */,
				3312593C1C4E4F3000F14A50 /* SMTBeOnShowModel.m */,
				3312593F1C4E4FCF00F14A50 /* SMTBeOnShowListModel.h */,
				331259401C4E4FCF00F14A50 /* SMTBeOnShowListModel.m */,
				331259421C4E507700F14A50 /* SMTBeOnShowListMovieModel.h */,
				331259431C4E507700F14A50 /* SMTBeOnShowListMovieModel.m */,
			);
			name = beOnShow;
			sourceTree = "<group>";
		};
		33F1BBFE1C506FBA0069F4AA /* shortMovie */ = {
			isa = PBXGroup;
			children = (
				33F1BBF51C506E290069F4AA /* SMTShortMovieDataModel.h */,
				33F1BBF61C506E290069F4AA /* SMTShortMovieDataModel.m */,
				33F1BBF81C506E840069F4AA /* SMTShortMovieModel.h */,
				33F1BBF91C506E840069F4AA /* SMTShortMovieModel.m */,
				33F1BBFB1C506EC20069F4AA /* SMTShortMovieListModel.h */,
				33F1BBFC1C506EC20069F4AA /* SMTShortMovieListModel.m */,
			);
			name = shortMovie;
			sourceTree = "<group>";
		};
		33F304D01C448BAE0020838A = {
			isa = PBXGroup;
			children = (
				33F304DB1C448BAE0020838A /* FanPian */,
				33F304F51C448BAE0020838A /* FanPianTests */,
				33F305001C448BAE0020838A /* FanPianUITests */,
				33F304DA1C448BAE0020838A /* Products */,
				02BBE97887D8DD6674D1F744 /* Pods */,
				E1CED7343844D4D6BC2D1D94 /* Frameworks */,
			);
			sourceTree = "<group>";
		};
		33F304DA1C448BAE0020838A /* Products */ = {
			isa = PBXGroup;
			children = (
				33F304D91C448BAE0020838A /* FanPian.app */,
				33F304F21C448BAE0020838A /* FanPianTests.xctest */,
				33F304FD1C448BAE0020838A /* FanPianUITests.xctest */,
			);
			name = Products;
			sourceTree = "<group>";
		};
		33F304DB1C448BAE0020838A /* FanPian */ = {
			isa = PBXGroup;
			children = (
				33F304DF1C448BAE0020838A /* AppDelegate.h */,
				33F304E01C448BAE0020838A /* AppDelegate.m */,
				33EFB55F1C47935F0033912B /* VC */,
				33EFB56D1C479AF20033912B /* View */,
				3312593A1C4E4F1400F14A50 /* Request */,
				3312593E1C4E4F3400F14A50 /* Model */,
				33F304E21C448BAE0020838A /* ViewController.h */,
				33F304E31C448BAE0020838A /* ViewController.m */,
				33F304E51C448BAE0020838A /* Main.storyboard */,
				33F304E81C448BAE0020838A /* Assets.xcassets */,
				33F304EA1C448BAE0020838A /* LaunchScreen.storyboard */,
				33F304ED1C448BAE0020838A /* Info.plist */,
				33F304DC1C448BAE0020838A /* Supporting Files */,
				33EFB56C1C4794680033912B /* CommonUtils.pch */,
				332347221C4C8C6600B05D2B /* leftMenu.plist */,
				332347261C4C923400B05D2B /* rightMenu.plist */,
				331259251C4E1CF600F14A50 /* rightHeaderList.plist */,
				331259321C4E34B700F14A50 /* ConstantUtil.h */,
				331259361C4E351E00F14A50 /* UrlUtil.h */,
			);
			path = FanPian;
			sourceTree = "<group>";
		};
		33F304DC1C448BAE0020838A /* Supporting Files */ = {
			isa = PBXGroup;
			children = (
				33F304DD1C448BAE0020838A /* main.m */,
			);
			name = "Supporting Files";
			sourceTree = "<group>";
		};
		33F304F51C448BAE0020838A /* FanPianTests */ = {
			isa = PBXGroup;
			children = (
				33F304F61C448BAE0020838A /* FanPianTests.m */,
				33F304F81C448BAE0020838A /* Info.plist */,
			);
			path = FanPianTests;
			sourceTree = "<group>";
		};
		33F305001C448BAE0020838A /* FanPianUITests */ = {
			isa = PBXGroup;
			children = (
				33F305011C448BAE0020838A /* FanPianUITests.m */,
				33F305031C448BAE0020838A /* Info.plist */,
			);
			path = FanPianUITests;
			sourceTree = "<group>";
		};
		33F719E81C4F1F900038208E /* cell */ = {
			isa = PBXGroup;
			children = (
				33F719E51C4F1F8C0038208E /* SMTBeOnShowCell.h */,
				33F719E61C4F1F8C0038208E /* SMTBeOnShowCell.m */,
				33F1BBFF1C50702E0069F4AA /* SMTShortMovieCell.h */,
				33F1BC001C50702E0069F4AA /* SMTShortMovieCell.m */,
				3348E6E01C524C4D00B46A3D /* SMTCollectionCell.h */,
				3348E6E11C524C4D00B46A3D /* SMTCollectionCell.m */,
				334E31011C5790A300D46105 /* SMTSalonCell.h */,
				334E31021C5790A300D46105 /* SMTSalonCell.m */,
				33F8EBE71C586FEF0015B6DC /* SMTSalonDetailCell.h */,
				33F8EBE81C586FEF0015B6DC /* SMTSalonDetailCell.m */,
			);
			name = cell;
			sourceTree = "<group>";
		};
		E1CED7343844D4D6BC2D1D94 /* Frameworks */ = {
			isa = PBXGroup;
			children = (
				DCBE9C299F4D3C983B7D4063 /* libPods.a */,
			);
			name = Frameworks;
			sourceTree = "<group>";
		};
/* End PBXGroup section */

/* Begin PBXNativeTarget section */
		33F304D81C448BAE0020838A /* FanPian */ = {
			isa = PBXNativeTarget;
			buildConfigurationList = 33F305061C448BAE0020838A /* Build configuration list for PBXNativeTarget "FanPian" */;
			buildPhases = (
				6F0AF3F38211BD660BA6CD09 /* Check Pods Manifest.lock */,
				33F304D51C448BAE0020838A /* Sources */,
				33F304D61C448BAE0020838A /* Frameworks */,
				33F304D71C448BAE0020838A /* Resources */,
				FCC88ECCF1E16E97EBF7EA03 /* Copy Pods Resources */,
			);
			buildRules = (
			);
			dependencies = (
			);
			name = FanPian;
			productName = FanPian;
			productReference = 33F304D91C448BAE0020838A /* FanPian.app */;
			productType = "com.apple.product-type.application";
		};
		33F304F11C448BAE0020838A /* FanPianTests */ = {
			isa = PBXNativeTarget;
			buildConfigurationList = 33F305091C448BAE0020838A /* Build configuration list for PBXNativeTarget "FanPianTests" */;
			buildPhases = (
				33F304EE1C448BAE0020838A /* Sources */,
				33F304EF1C448BAE0020838A /* Frameworks */,
				33F304F01C448BAE0020838A /* Resources */,
			);
			buildRules = (
			);
			dependencies = (
				33F304F41C448BAE0020838A /* PBXTargetDependency */,
			);
			name = FanPianTests;
			productName = FanPianTests;
			productReference = 33F304F21C448BAE0020838A /* FanPianTests.xctest */;
			productType = "com.apple.product-type.bundle.unit-test";
		};
		33F304FC1C448BAE0020838A /* FanPianUITests */ = {
			isa = PBXNativeTarget;
			buildConfigurationList = 33F3050C1C448BAE0020838A /* Build configuration list for PBXNativeTarget "FanPianUITests" */;
			buildPhases = (
				33F304F91C448BAE0020838A /* Sources */,
				33F304FA1C448BAE0020838A /* Frameworks */,
				33F304FB1C448BAE0020838A /* Resources */,
			);
			buildRules = (
			);
			dependencies = (
				33F304FF1C448BAE0020838A /* PBXTargetDependency */,
			);
			name = FanPianUITests;
			productName = FanPianUITests;
			productReference = 33F304FD1C448BAE0020838A /* FanPianUITests.xctest */;
			productType = "com.apple.product-type.bundle.ui-testing";
		};
/* End PBXNativeTarget section */

/* Begin PBXProject section */
		33F304D11C448BAE0020838A /* Project object */ = {
			isa = PBXProject;
			attributes = {
				CLASSPREFIX = SMT;
				LastUpgradeCheck = 0720;
				ORGANIZATIONNAME = sa.xiong;
				TargetAttributes = {
					33F304D81C448BAE0020838A = {
						CreatedOnToolsVersion = 7.2;
					};
					33F304F11C448BAE0020838A = {
						CreatedOnToolsVersion = 7.2;
						TestTargetID = 33F304D81C448BAE0020838A;
					};
					33F304FC1C448BAE0020838A = {
						CreatedOnToolsVersion = 7.2;
						TestTargetID = 33F304D81C448BAE0020838A;
					};
				};
			};
			buildConfigurationList = 33F304D41C448BAE0020838A /* Build configuration list for PBXProject "FanPian" */;
			compatibilityVersion = "Xcode 3.2";
			developmentRegion = English;
			hasScannedForEncodings = 0;
			knownRegions = (
				en,
				Base,
			);
			mainGroup = 33F304D01C448BAE0020838A;
			productRefGroup = 33F304DA1C448BAE0020838A /* Products */;
			projectDirPath = "";
			projectRoot = "";
			targets = (
				33F304D81C448BAE0020838A /* FanPian */,
				33F304F11C448BAE0020838A /* FanPianTests */,
				33F304FC1C448BAE0020838A /* FanPianUITests */,
			);
		};
/* End PBXProject section */

/* Begin PBXResourcesBuildPhase section */
		33F304D71C448BAE0020838A /* Resources */ = {
			isa = PBXResourcesBuildPhase;
			buildActionMask = 2147483647;
			files = (
				331259261C4E1CF600F14A50 /* rightHeaderList.plist in Resources */,
				332347231C4C8C6600B05D2B /* leftMenu.plist in Resources */,
				332347271C4C923400B05D2B /* rightMenu.plist in Resources */,
				33F304EC1C448BAE0020838A /* LaunchScreen.storyboard in Resources */,
				33F304E91C448BAE0020838A /* Assets.xcassets in Resources */,
				33F304E71C448BAE0020838A /* Main.storyboard in Resources */,
			);
			runOnlyForDeploymentPostprocessing = 0;
		};
		33F304F01C448BAE0020838A /* Resources */ = {
			isa = PBXResourcesBuildPhase;
			buildActionMask = 2147483647;
			files = (
			);
			runOnlyForDeploymentPostprocessing = 0;
		};
		33F304FB1C448BAE0020838A /* Resources */ = {
			isa = PBXResourcesBuildPhase;
			buildActionMask = 2147483647;
			files = (
			);
			runOnlyForDeploymentPostprocessing = 0;
		};
/* End PBXResourcesBuildPhase section */

/* Begin PBXShellScriptBuildPhase section */
		6F0AF3F38211BD660BA6CD09 /* Check Pods Manifest.lock */ = {
			isa = PBXShellScriptBuildPhase;
			buildActionMask = 2147483647;
			files = (
			);
			inputPaths = (
			);
			name = "Check Pods Manifest.lock";
			outputPaths = (
			);
			runOnlyForDeploymentPostprocessing = 0;
			shellPath = /bin/sh;
			shellScript = "diff \"${PODS_ROOT}/../Podfile.lock\" \"${PODS_ROOT}/Manifest.lock\" > /dev/null\nif [[ $? != 0 ]] ; then\n    cat << EOM\nerror: The sandbox is not in sync with the Podfile.lock. Run 'pod install' or update your CocoaPods installation.\nEOM\n    exit 1\nfi\n";
			showEnvVarsInLog = 0;
		};
		FCC88ECCF1E16E97EBF7EA03 /* Copy Pods Resources */ = {
			isa = PBXShellScriptBuildPhase;
			buildActionMask = 2147483647;
			files = (
			);
			inputPaths = (
			);
			name = "Copy Pods Resources";
			outputPaths = (
			);
			runOnlyForDeploymentPostprocessing = 0;
			shellPath = /bin/sh;
			shellScript = "\"${SRCROOT}/../Pods/Target Support Files/Pods/Pods-resources.sh\"\n";
			showEnvVarsInLog = 0;
		};
/* End PBXShellScriptBuildPhase section */

/* Begin PBXSourcesBuildPhase section */
		33F304D51C448BAE0020838A /* Sources */ = {
			isa = PBXSourcesBuildPhase;
			buildActionMask = 2147483647;
			files = (
				3348E6EE1C5318D000B46A3D /* SMTCollectionListModel.m in Sources */,
				331259211C4DEB5600F14A50 /* SMTFooter.m in Sources */,
				33F719E71C4F1F8C0038208E /* SMTBeOnShowCell.m in Sources */,
				3348E6FE1C5341EB00B46A3D /* SMTCollectionTypeListItemModel.m in Sources */,
				3348E6E21C524C4D00B46A3D /* SMTCollectionCell.m in Sources */,
				33A7A8541C4D005E003CD805 /* UIView+Additions.m in Sources */,
				3348E7011C53659200B46A3D /* SMTCollectionTypeModel.m in Sources */,
				33EFB5681C4793DD0033912B /* SMTSettingViewController.m in Sources */,
				332347051C489DB100B05D2B /* SMTContainerViewController.m in Sources */,
				33EFB56B1C4793E50033912B /* SMTSearchViewController.m in Sources */,
				331259411C4E4FCF00F14A50 /* SMTBeOnShowListModel.m in Sources */,
				331259441C4E507700F14A50 /* SMTBeOnShowListMovieModel.m in Sources */,
				3348E6E51C524E5000B46A3D /* UIView+Size.m in Sources */,
				33F1BC431C508BC20069F4AA /* SMTMovieImageView.m in Sources */,
				3323470E1C4B416F00B05D2B /* SMTScrollView.m in Sources */,
				331259241C4E0BBA00F14A50 /* SMTFocusViewController.m in Sources */,
				33F8EBE61C586EC50015B6DC /* SMTSalonDetailListMovieModel.m in Sources */,
				33F8EBD71C586AC90015B6DC /* SMTSalonDetailViewController.m in Sources */,
				33EFB5701C479B0B0033912B /* SMTNavTitleView.m in Sources */,
				33F304E41C448BAE0020838A /* ViewController.m in Sources */,
				331259351C4E350800F14A50 /* SMTBaseRequest.m in Sources */,
				3348E6EB1C5318C200B46A3D /* SMTCollectionModel.m in Sources */,
				3348E6F21C53198500B46A3D /* SMTCollectionViewController.m in Sources */,
				332347161C4B629400B05D2B /* RHCArrayDataSource.m in Sources */,
				3348E6F51C53329F00B46A3D /* SMTCollectionTypeRequest.m in Sources */,
				334E30F61C57777600D46105 /* SMTSalonModel.m in Sources */,
				334E30F01C57762700D46105 /* SMTSalonRequest.m in Sources */,
				336F60F61C563CBE008C6419 /* ShowLabelOnImageView.m in Sources */,
				33EB3EF51C4F7ECF00F93592 /* SMTBaseListViewController.m in Sources */,
				33EFB5621C4793B40033912B /* SMTListViewController.m in Sources */,
				33F1BBFA1C506E840069F4AA /* SMTShortMovieModel.m in Sources */,
				33F1BBF71C506E290069F4AA /* SMTShortMovieDataModel.m in Sources */,
				3312592E1C4E2DDC00F14A50 /* SMTWantViewController.m in Sources */,
				332347081C48A20200B05D2B /* SMTMeViewController.m in Sources */,
				334E30F91C57778400D46105 /* SMTSalonListModel.m in Sources */,
				33F304E11C448BAE0020838A /* AppDelegate.m in Sources */,
				3312593D1C4E4F3000F14A50 /* SMTBeOnShowModel.m in Sources */,
				33F1BC011C50702E0069F4AA /* SMTShortMovieCell.m in Sources */,
				33F8EBE31C586D940015B6DC /* SMTSalonDetailListModel.m in Sources */,
				331259391C4E359100F14A50 /* SMTBeOnShowRequest.m in Sources */,
				336F60A91C5604B9008C6419 /* UIPopoverListView.m in Sources */,
				331259311C4E2E7700F14A50 /* SMTHadWatchViewController.m in Sources */,
				33F1BBFD1C506EC20069F4AA /* SMTShortMovieListModel.m in Sources */,
				33F304DE1C448BAE0020838A /* main.m in Sources */,
				3348E6E81C5318A200B46A3D /* SMTCollectionDataModel.m in Sources */,
				334E31001C577C3F00D46105 /* SMTHeaderView.m in Sources */,
				33F1BBF01C506BFC0069F4AA /* SMTShortMovieRequest.m in Sources */,
				33F8EBDD1C586C670015B6DC /* SMTSalonDetailModel.m in Sources */,
				331259471C4E5AEA00F14A50 /* SMTBeOnShowDataModel.m in Sources */,
				3348E6DF1C524B8E00B46A3D /* SMTCollectionRequest.m in Sources */,
				3323472D1C4CC6A700B05D2B /* SMTImageLabelView.m in Sources */,
				334E30FD1C577C1400D46105 /* SMTSalonViewController.m in Sources */,
				33F8EBDA1C586C520015B6DC /* SMTSalonDetailDataModel.m in Sources */,
				3348E6F81C53339400B46A3D /* SMTCollectionTypeDataModel.m in Sources */,
				33F1BC461C50C2A20069F4AA /* SMTBarView.m in Sources */,
				334E31031C5790A300D46105 /* SMTSalonCell.m in Sources */,
				33F1BBF31C506CDB0069F4AA /* SMTShortMovieViewController.m in Sources */,
				3348E6FB1C5333B500B46A3D /* SMTCollectionTypeListModel.m in Sources */,
				33F8EBE91C586FEF0015B6DC /* SMTSalonDetailCell.m in Sources */,
				3323470B1C48A21D00B05D2B /* SMTFindViewController.m in Sources */,
				331259291C4E265300F14A50 /* SMTShowViewController.m in Sources */,
				334E30F31C57772200D46105 /* SMTSalonDataModel.m in Sources */,
				33F8EBEF1C5871660015B6DC /* SMTSalonDetailHeader.m in Sources */,
				33EFB5651C4793BD0033912B /* SMTMainViewController.m in Sources */,
			);
			runOnlyForDeploymentPostprocessing = 0;
		};
		33F304EE1C448BAE0020838A /* Sources */ = {
			isa = PBXSourcesBuildPhase;
			buildActionMask = 2147483647;
			files = (
				33F304F71C448BAE0020838A /* FanPianTests.m in Sources */,
			);
			runOnlyForDeploymentPostprocessing = 0;
		};
		33F304F91C448BAE0020838A /* Sources */ = {
			isa = PBXSourcesBuildPhase;
			buildActionMask = 2147483647;
			files = (
				33F305021C448BAE0020838A /* FanPianUITests.m in Sources */,
			);
			runOnlyForDeploymentPostprocessing = 0;
		};
/* End PBXSourcesBuildPhase section */

/* Begin PBXTargetDependency section */
		33F304F41C448BAE0020838A /* PBXTargetDependency */ = {
			isa = PBXTargetDependency;
			target = 33F304D81C448BAE0020838A /* FanPian */;
			targetProxy = 33F304F31C448BAE0020838A /* PBXContainerItemProxy */;
		};
		33F304FF1C448BAE0020838A /* PBXTargetDependency */ = {
			isa = PBXTargetDependency;
			target = 33F304D81C448BAE0020838A /* FanPian */;
			targetProxy = 33F304FE1C448BAE0020838A /* PBXContainerItemProxy */;
		};
/* End PBXTargetDependency section */

/* Begin PBXVariantGroup section */
		33F304E51C448BAE0020838A /* Main.storyboard */ = {
			isa = PBXVariantGroup;
			children = (
				33F304E61C448BAE0020838A /* Base */,
			);
			name = Main.storyboard;
			sourceTree = "<group>";
		};
		33F304EA1C448BAE0020838A /* LaunchScreen.storyboard */ = {
			isa = PBXVariantGroup;
			children = (
				33F304EB1C448BAE0020838A /* Base */,
			);
			name = LaunchScreen.storyboard;
			sourceTree = "<group>";
		};
/* End PBXVariantGroup section */

/* Begin XCBuildConfiguration section */
		33F305041C448BAE0020838A /* Debug */ = {
			isa = XCBuildConfiguration;
			buildSettings = {
				ALWAYS_SEARCH_USER_PATHS = NO;
				CLANG_CXX_LANGUAGE_STANDARD = "gnu++0x";
				CLANG_CXX_LIBRARY = "libc++";
				CLANG_ENABLE_MODULES = YES;
				CLANG_ENABLE_OBJC_ARC = YES;
				CLANG_WARN_BOOL_CONVERSION = YES;
				CLANG_WARN_CONSTANT_CONVERSION = YES;
				CLANG_WARN_DIRECT_OBJC_ISA_USAGE = YES_ERROR;
				CLANG_WARN_EMPTY_BODY = YES;
				CLANG_WARN_ENUM_CONVERSION = YES;
				CLANG_WARN_INT_CONVERSION = YES;
				CLANG_WARN_OBJC_ROOT_CLASS = YES_ERROR;
				CLANG_WARN_UNREACHABLE_CODE = YES;
				CLANG_WARN__DUPLICATE_METHOD_MATCH = YES;
				"CODE_SIGN_IDENTITY[sdk=iphoneos*]" = "iPhone Developer";
				COPY_PHASE_STRIP = NO;
				DEBUG_INFORMATION_FORMAT = dwarf;
				ENABLE_STRICT_OBJC_MSGSEND = YES;
				ENABLE_TESTABILITY = YES;
				GCC_C_LANGUAGE_STANDARD = gnu99;
				GCC_DYNAMIC_NO_PIC = NO;
				GCC_NO_COMMON_BLOCKS = YES;
				GCC_OPTIMIZATION_LEVEL = 0;
				GCC_PREPROCESSOR_DEFINITIONS = (
					"DEBUG=1",
					"$(inherited)",
				);
				GCC_WARN_64_TO_32_BIT_CONVERSION = YES;
				GCC_WARN_ABOUT_RETURN_TYPE = YES_ERROR;
				GCC_WARN_UNDECLARED_SELECTOR = YES;
				GCC_WARN_UNINITIALIZED_AUTOS = YES_AGGRESSIVE;
				GCC_WARN_UNUSED_FUNCTION = YES;
				GCC_WARN_UNUSED_VARIABLE = YES;
				IPHONEOS_DEPLOYMENT_TARGET = 8.0;
				MTL_ENABLE_DEBUG_INFO = YES;
				ONLY_ACTIVE_ARCH = YES;
				SDKROOT = iphoneos;
			};
			name = Debug;
		};
		33F305051C448BAE0020838A /* Release */ = {
			isa = XCBuildConfiguration;
			buildSettings = {
				ALWAYS_SEARCH_USER_PATHS = NO;
				CLANG_CXX_LANGUAGE_STANDARD = "gnu++0x";
				CLANG_CXX_LIBRARY = "libc++";
				CLANG_ENABLE_MODULES = YES;
				CLANG_ENABLE_OBJC_ARC = YES;
				CLANG_WARN_BOOL_CONVERSION = YES;
				CLANG_WARN_CONSTANT_CONVERSION = YES;
				CLANG_WARN_DIRECT_OBJC_ISA_USAGE = YES_ERROR;
				CLANG_WARN_EMPTY_BODY = YES;
				CLANG_WARN_ENUM_CONVERSION = YES;
				CLANG_WARN_INT_CONVERSION = YES;
				CLANG_WARN_OBJC_ROOT_CLASS = YES_ERROR;
				CLANG_WARN_UNREACHABLE_CODE = YES;
				CLANG_WARN__DUPLICATE_METHOD_MATCH = YES;
				"CODE_SIGN_IDENTITY[sdk=iphoneos*]" = "iPhone Developer";
				COPY_PHASE_STRIP = NO;
				DEBUG_INFORMATION_FORMAT = "dwarf-with-dsym";
				ENABLE_NS_ASSERTIONS = NO;
				ENABLE_STRICT_OBJC_MSGSEND = YES;
				GCC_C_LANGUAGE_STANDARD = gnu99;
				GCC_NO_COMMON_BLOCKS = YES;
				GCC_WARN_64_TO_32_BIT_CONVERSION = YES;
				GCC_WARN_ABOUT_RETURN_TYPE = YES_ERROR;
				GCC_WARN_UNDECLARED_SELECTOR = YES;
				GCC_WARN_UNINITIALIZED_AUTOS = YES_AGGRESSIVE;
				GCC_WARN_UNUSED_FUNCTION = YES;
				GCC_WARN_UNUSED_VARIABLE = YES;
				IPHONEOS_DEPLOYMENT_TARGET = 8.0;
				MTL_ENABLE_DEBUG_INFO = NO;
				SDKROOT = iphoneos;
				VALIDATE_PRODUCT = YES;
			};
			name = Release;
		};
		33F305071C448BAE0020838A /* Debug */ = {
			isa = XCBuildConfiguration;
			baseConfigurationReference = 874545404FF4C356CEAFCE7A /* Pods.debug.xcconfig */;
			buildSettings = {
				ASSETCATALOG_COMPILER_APPICON_NAME = AppIcon;
				ASSETCATALOG_COMPILER_LAUNCHIMAGE_NAME = LaunchImage;
				GCC_PRECOMPILE_PREFIX_HEADER = YES;
				GCC_PREFIX_HEADER = "$(SRCROOT)/FanPian/CommonUtils.pch";
				INFOPLIST_FILE = FanPian/Info.plist;
				IPHONEOS_DEPLOYMENT_TARGET = 8.0;
				LD_RUNPATH_SEARCH_PATHS = "$(inherited) @executable_path/Frameworks";
				PRODUCT_BUNDLE_IDENTIFIER = XS.FanPian;
				PRODUCT_NAME = "$(TARGET_NAME)";
			};
			name = Debug;
		};
		33F305081C448BAE0020838A /* Release */ = {
			isa = XCBuildConfiguration;
			baseConfigurationReference = 192E90DFC16EF2F416CDB37F /* Pods.release.xcconfig */;
			buildSettings = {
				ASSETCATALOG_COMPILER_APPICON_NAME = AppIcon;
				ASSETCATALOG_COMPILER_LAUNCHIMAGE_NAME = LaunchImage;
				GCC_PRECOMPILE_PREFIX_HEADER = YES;
				GCC_PREFIX_HEADER = "$(SRCROOT)/FanPian/CommonUtils.pch";
				INFOPLIST_FILE = FanPian/Info.plist;
				IPHONEOS_DEPLOYMENT_TARGET = 8.0;
				LD_RUNPATH_SEARCH_PATHS = "$(inherited) @executable_path/Frameworks";
				PRODUCT_BUNDLE_IDENTIFIER = XS.FanPian;
				PRODUCT_NAME = "$(TARGET_NAME)";
			};
			name = Release;
		};
		33F3050A1C448BAE0020838A /* Debug */ = {
			isa = XCBuildConfiguration;
			buildSettings = {
				BUNDLE_LOADER = "$(TEST_HOST)";
				INFOPLIST_FILE = FanPianTests/Info.plist;
				LD_RUNPATH_SEARCH_PATHS = "$(inherited) @executable_path/Frameworks @loader_path/Frameworks";
				PRODUCT_BUNDLE_IDENTIFIER = XS.FanPianTests;
				PRODUCT_NAME = "$(TARGET_NAME)";
				TEST_HOST = "$(BUILT_PRODUCTS_DIR)/FanPian.app/FanPian";
			};
			name = Debug;
		};
		33F3050B1C448BAE0020838A /* Release */ = {
			isa = XCBuildConfiguration;
			buildSettings = {
				BUNDLE_LOADER = "$(TEST_HOST)";
				INFOPLIST_FILE = FanPianTests/Info.plist;
				LD_RUNPATH_SEARCH_PATHS = "$(inherited) @executable_path/Frameworks @loader_path/Frameworks";
				PRODUCT_BUNDLE_IDENTIFIER = XS.FanPianTests;
				PRODUCT_NAME = "$(TARGET_NAME)";
				TEST_HOST = "$(BUILT_PRODUCTS_DIR)/FanPian.app/FanPian";
			};
			name = Release;
		};
		33F3050D1C448BAE0020838A /* Debug */ = {
			isa = XCBuildConfiguration;
			buildSettings = {
				INFOPLIST_FILE = FanPianUITests/Info.plist;
				LD_RUNPATH_SEARCH_PATHS = "$(inherited) @executable_path/Frameworks @loader_path/Frameworks";
				PRODUCT_BUNDLE_IDENTIFIER = XS.FanPianUITests;
				PRODUCT_NAME = "$(TARGET_NAME)";
				TEST_TARGET_NAME = FanPian;
				USES_XCTRUNNER = YES;
			};
			name = Debug;
		};
		33F3050E1C448BAE0020838A /* Release */ = {
			isa = XCBuildConfiguration;
			buildSettings = {
				INFOPLIST_FILE = FanPianUITests/Info.plist;
				LD_RUNPATH_SEARCH_PATHS = "$(inherited) @executable_path/Frameworks @loader_path/Frameworks";
				PRODUCT_BUNDLE_IDENTIFIER = XS.FanPianUITests;
				PRODUCT_NAME = "$(TARGET_NAME)";
				TEST_TARGET_NAME = FanPian;
				USES_XCTRUNNER = YES;
			};
			name = Release;
		};
/* End XCBuildConfiguration section */

/* Begin XCConfigurationList section */
		33F304D41C448BAE0020838A /* Build configuration list for PBXProject "FanPian" */ = {
			isa = XCConfigurationList;
			buildConfigurations = (
				33F305041C448BAE0020838A /* Debug */,
				33F305051C448BAE0020838A /* Release */,
			);
			defaultConfigurationIsVisible = 0;
			defaultConfigurationName = Release;
		};
		33F305061C448BAE0020838A /* Build configuration list for PBXNativeTarget "FanPian" */ = {
			isa = XCConfigurationList;
			buildConfigurations = (
				33F305071C448BAE0020838A /* Debug */,
				33F305081C448BAE0020838A /* Release */,
			);
			defaultConfigurationIsVisible = 0;
			defaultConfigurationName = Release;
		};
		33F305091C448BAE0020838A /* Build configuration list for PBXNativeTarget "FanPianTests" */ = {
			isa = XCConfigurationList;
			buildConfigurations = (
				33F3050A1C448BAE0020838A /* Debug */,
				33F3050B1C448BAE0020838A /* Release */,
			);
			defaultConfigurationIsVisible = 0;
			defaultConfigurationName = Release;
		};
		33F3050C1C448BAE0020838A /* Build configuration list for PBXNativeTarget "FanPianUITests" */ = {
			isa = XCConfigurationList;
			buildConfigurations = (
				33F3050D1C448BAE0020838A /* Debug */,
				33F3050E1C448BAE0020838A /* Release */,
			);
			defaultConfigurationIsVisible = 0;
			defaultConfigurationName = Release;
		};
/* End XCConfigurationList section */
	};
	rootObject = 33F304D11C448BAE0020838A /* Project object */;
}
